
Microsoft Visual Studio Solution File, Format Version 12.00
# Visual Studio 15
VisualStudioVersion = 15.0.28307.645
MinimumVisualStudioVersion = 10.0.40219.1
Project("{9A19103F-16F7-4668-BE54-9A1E7A4F7556}") = "AzureIoTEdgeWebAPI", "AzureIoTEdgeWebAPI\AzureIoTEdgeWebAPI.csproj", "{1351B59D-4953-4241-81B5-287CD48D62C2}"
EndProject
Project("{FAE04EC0-301F-11D3-BF4B-00C04F79EFBC}") = "WpfForWebSocket", "WpfForWebSocket\WpfForWebSocket.csproj", "{11AC57FA-1728-498E-9885-235E2CC5AB76}"
EndProject
Project("{9A19103F-16F7-4668-BE54-9A1E7A4F7556}") = "RegistryManagerSample", "RegistryManagerSample\RegistryManagerSample.csproj", "{DD02F5DF-52BD-404F-AB6D-9BF403EB1C1E}"
EndProject
Global
	GlobalSection(SolutionConfigurationPlatforms) = preSolution
		Debug|Any CPU = Debug|Any CPU
		Release|Any CPU = Release|Any CPU
	EndGlobalSection
	GlobalSection(ProjectConfigurationPlatforms) = postSolution
		{1351B59D-4953-4241-81B5-287CD48D62C2}.Debug|Any CPU.ActiveCfg = Debug|Any CPU
		{1351B59D-4953-4241-81B5-287CD48D62C2}.Debug|Any CPU.Build.0 = Debug|Any CPU
		{1351B59D-4953-4241-81B5-287CD48D62C2}.Release|Any CPU.ActiveCfg = Release|Any CPU
		{1351B59D-4953-4241-81B5-287CD48D62C2}.Release|Any CPU.Build.0 = Release|Any CPU
		{11AC57FA-1728-498E-9885-235E2CC5AB76}.Debug|Any CPU.ActiveCfg = Debug|Any CPU
		{11AC57FA-1728-498E-9885-235E2CC5AB76}.Debug|Any CPU.Build.0 = Debug|Any CPU
		{11AC57FA-1728-498E-9885-235E2CC5AB76}.Release|Any CPU.ActiveCfg = Release|Any CPU
		{11AC57FA-1728-498E-9885-235E2CC5AB76}.Release|Any CPU.Build.0 = Release|Any CPU
		{DD02F5DF-52BD-404F-AB6D-9BF403EB1C1E}.Debug|Any CPU.ActiveCfg = Debug|Any CPU
		{DD02F5DF-52BD-404F-AB6D-9BF403EB1C1E}.Debug|Any CPU.Build.0 = Debug|Any CPU
		{DD02F5DF-52BD-404F-AB6D-9BF403EB1C1E}.Release|Any CPU.ActiveCfg = Release|Any CPU
		{DD02F5DF-52BD-404F-AB6D-9BF403EB1C1E}.Release|Any CPU.Build.0 = Release|Any CPU
	EndGlobalSection
	GlobalSection(SolutionProperties) = preSolution
		HideSolutionNode = FALSE
	EndGlobalSection
	GlobalSection(ExtensibilityGlobals) = postSolution
		SolutionGuid = {7B0ACEFC-6BEC-443F-A055-F4F871503000}
	EndGlobalSection
EndGlobal
